
Microsoft Visual Studio Solution File, Format Version 12.00
# Visual Studio Version 16
VisualStudioVersion = 16.0.30621.155
MinimumVisualStudioVersion = 10.0.40219.1
Project("{FAE04EC0-301F-11D3-BF4B-00C04F79EFBC}") = "MRPPROJETO", "MRPPROJETO\MRPPROJETO.csproj", "{CD661D6E-863D-4C6A-AAB9-C7DAAEDF518C}"
EndProject
Global
	GlobalSection(SolutionConfigurationPlatforms) = preSolution
		Debug|Any CPU = Debug|Any CPU
		Release|Any CPU = Release|Any CPU
	EndGlobalSection
	GlobalSection(ProjectConfigurationPlatforms) = postSolution
		{CD661D6E-863D-4C6A-AAB9-C7DAAEDF518C}.Debug|Any CPU.ActiveCfg = Debug|Any CPU
		{CD661D6E-863D-4C6A-AAB9-C7DAAEDF518C}.Debug|Any CPU.Build.0 = Debug|Any CPU
		{CD661D6E-863D-4C6A-AAB9-C7DAAEDF518C}.Release|Any CPU.ActiveCfg = Release|Any CPU
		{CD661D6E-863D-4C6A-AAB9-C7DAAEDF518C}.Release|Any CPU.Build.0 = Release|Any CPU
	EndGlobalSection
	GlobalSection(SolutionProperties) = preSolution
		HideSolutionNode = FALSE
	EndGlobalSection
	GlobalSection(ExtensibilityGlobals) = postSolution
		SolutionGuid = {3C1D2DFF-12C9-4545-8B36-661B0052D56F}
	EndGlobalSection
EndGlobal
